# This file is automatically @generated by Cargo.
# It is not intended for manual editing.
version = 4

[[package]]
name = "courierust"
version = "1.0.2"
source = "registry+https://github.com/rust-lang/crates.io-index"
checksum = "c7bb1a920b57e0d907847427287d74f2f0848c3ca89b74ae2e43c172586d581e"

[[package]]
name = "libc"
version = "0.2.189"
source = "registry+https://github.com/rust-lang/crates.io-index"
checksum = "3eaf3ede3fee6db1a4c2ee091bf8a8b4dccdc6d17f656fb07896ee72867612f2"

[[package]]
name = "nextjson"
version = "0.1.4"
source = "registry+https://github.com/rust-lang/crates.io-index"
checksum = "57e11456b12f6d0776f7e431232b638d1315a3deffd790b0bf818277a7d8efca"
dependencies = [
 "nextjson-derive",
]

[[package]]
name = "nextjson-derive"
version = "0.1.4"
source = "registry+https://github.com/rust-lang/crates.io-index"
checksum = "84d8161c22b5b2d74b022b89480cdced97c716e9f819bf123fec0d810cb8bb86"

[[package]]
name = "rustbinary"
version = "0.1.7"
source = "registry+https://github.com/rust-lang/crates.io-index"
checksum = "c3a4626197e4ea1997c2bcb74b6b54f2606db307d4a0edf1b01c484b4ce8b1ef"
dependencies = [
 "nextjson",
]

[[package]]
name = "socket2"
version = "0.6.5"
source = "registry+https://github.com/rust-lang/crates.io-index"
checksum = "c3d1e2c7f27f8d4cb10542a02c49005dbd6e93095799d6f3be745fae9f8fedd4"
dependencies = [
 "libc",
 "windows-sys",
]

[[package]]
name = "typebit"
version = "0.1.1"
dependencies = [
 "courierust",
 "nextjson",
 "rustbinary",
 "socket2",
 "tzcraft",
]

[[package]]
name = "tzcraft"
version = "0.1.1"
source = "registry+https://github.com/rust-lang/crates.io-index"
checksum = "c2f26e7052612413cd78cebbcef70a03ddfc0ae64998e16df5b72fc00703443c"

[[package]]
name = "windows-link"
version = "0.2.1"
source = "registry+https://github.com/rust-lang/crates.io-index"
checksum = "f0805222e57f7521d6a62e36fa9163bc891acd422f971defe97d64e70d0a4fe5"

[[package]]
name = "windows-sys"
version = "0.61.2"
source = "registry+https://github.com/rust-lang/crates.io-index"
checksum = "ae137229bcbd6cdf0f7b80a31df61766145077ddf49416a728b02cb3921ff3fc"
dependencies = [
 "windows-link",
]
